
Microsoft Visual Studio Solution File, Format Version 12.00
# Visual Studio Version 17
VisualStudioVersion = 17.7.34031.279
MinimumVisualStudioVersion = 10.0.40219.1
Project("{9A19103F-16F7-4668-BE54-9A1E7A4F7556}") = "greenhouse", "greenhouse\greenhouse.csproj", "{38625D22-B339-476E-AB7D-46CC46C9AE83}"
EndProject
Project("{FAE04EC0-301F-11D3-BF4B-00C04F79EFBC}") = "TestGreenhouse", "TestGreenhouse\TestGreenhouse.csproj", "{D4FFF76F-13AD-4728-8190-4202C2E2CEF2}"
EndProject
Global
	GlobalSection(SolutionConfigurationPlatforms) = preSolution
		Debug|Any CPU = Debug|Any CPU
		Release|Any CPU = Release|Any CPU
	EndGlobalSection
	GlobalSection(ProjectConfigurationPlatforms) = postSolution
		{38625D22-B339-476E-AB7D-46CC46C9AE83}.Debug|Any CPU.ActiveCfg = Debug|Any CPU
		{38625D22-B339-476E-AB7D-46CC46C9AE83}.Debug|Any CPU.Build.0 = Debug|Any CPU
		{38625D22-B339-476E-AB7D-46CC46C9AE83}.Release|Any CPU.ActiveCfg = Release|Any CPU
		{38625D22-B339-476E-AB7D-46CC46C9AE83}.Release|Any CPU.Build.0 = Release|Any CPU
		{D4FFF76F-13AD-4728-8190-4202C2E2CEF2}.Debug|Any CPU.ActiveCfg = Debug|Any CPU
		{D4FFF76F-13AD-4728-8190-4202C2E2CEF2}.Debug|Any CPU.Build.0 = Debug|Any CPU
		{D4FFF76F-13AD-4728-8190-4202C2E2CEF2}.Release|Any CPU.ActiveCfg = Release|Any CPU
		{D4FFF76F-13AD-4728-8190-4202C2E2CEF2}.Release|Any CPU.Build.0 = Release|Any CPU
	EndGlobalSection
	GlobalSection(SolutionProperties) = preSolution
		HideSolutionNode = FALSE
	EndGlobalSection
	GlobalSection(ExtensibilityGlobals) = postSolution
		SolutionGuid = {06917FF8-A7E7-4EB6-883D-8457BCDE2F7C}
	EndGlobalSection
EndGlobal
